
Microsoft Visual Studio Solution File, Format Version 12.00
# Visual Studio Version 16
VisualStudioVersion = 16.0.32228.343
MinimumVisualStudioVersion = 10.0.40219.1
Project("{8BC9CEB8-8B4A-11D0-8D11-00A0C91BC942}") = "Decorator_dp", "Decorator_dp\Decorator_dp.vcxproj", "{97BB9A61-1BBE-485E-BFE6-BC84162EDC1A}"
EndProject
Global
	GlobalSection(SolutionConfigurationPlatforms) = preSolution
		Debug|x64 = Debug|x64
		Debug|x86 = Debug|x86
		Release|x64 = Release|x64
		Release|x86 = Release|x86
	EndGlobalSection
	GlobalSection(ProjectConfigurationPlatforms) = postSolution
		{97BB9A61-1BBE-485E-BFE6-BC84162EDC1A}.Debug|x64.ActiveCfg = Debug|x64
		{97BB9A61-1BBE-485E-BFE6-BC84162EDC1A}.Debug|x64.Build.0 = Debug|x64
		{97BB9A61-1BBE-485E-BFE6-BC84162EDC1A}.Debug|x86.ActiveCfg = Debug|Win32
		{97BB9A61-1BBE-485E-BFE6-BC84162EDC1A}.Debug|x86.Build.0 = Debug|Win32
		{97BB9A61-1BBE-485E-BFE6-BC84162EDC1A}.Release|x64.ActiveCfg = Release|x64
		{97BB9A61-1BBE-485E-BFE6-BC84162EDC1A}.Release|x64.Build.0 = Release|x64
		{97BB9A61-1BBE-485E-BFE6-BC84162EDC1A}.Release|x86.ActiveCfg = Release|Win32
		{97BB9A61-1BBE-485E-BFE6-BC84162EDC1A}.Release|x86.Build.0 = Release|Win32
	EndGlobalSection
	GlobalSection(SolutionProperties) = preSolution
		HideSolutionNode = FALSE
	EndGlobalSection
	GlobalSection(ExtensibilityGlobals) = postSolution
		SolutionGuid = {16117ACC-0691-4648-A5F0-F93E6CD1F836}
	EndGlobalSection
EndGlobal
